
Microsoft Visual Studio Solution File, Format Version 12.00
# Visual Studio Version 16
VisualStudioVersion = 16.0.29721.120
MinimumVisualStudioVersion = 10.0.40219.1
Project("{9A19103F-16F7-4668-BE54-9A1E7A4F7556}") = "WikiDataiLib", "WikiDataLib\WikiDataiLib.csproj", "{424B57D6-4679-44CB-A7F1-C27E3E55BDEC}"
EndProject
Project("{9A19103F-16F7-4668-BE54-9A1E7A4F7556}") = "WikiDataiTest", "WikiDataTest\WikiDataiTest.csproj", "{6430D911-707B-40A5-AC3F-249EAEAC05E3}"
EndProject
Global
	GlobalSection(SolutionConfigurationPlatforms) = preSolution
		Debug|Any CPU = Debug|Any CPU
		Release|Any CPU = Release|Any CPU
	EndGlobalSection
	GlobalSection(ProjectConfigurationPlatforms) = postSolution
		{424B57D6-4679-44CB-A7F1-C27E3E55BDEC}.Debug|Any CPU.ActiveCfg = Debug|Any CPU
		{424B57D6-4679-44CB-A7F1-C27E3E55BDEC}.Debug|Any CPU.Build.0 = Debug|Any CPU
		{424B57D6-4679-44CB-A7F1-C27E3E55BDEC}.Release|Any CPU.ActiveCfg = Release|Any CPU
		{424B57D6-4679-44CB-A7F1-C27E3E55BDEC}.Release|Any CPU.Build.0 = Release|Any CPU
		{6430D911-707B-40A5-AC3F-249EAEAC05E3}.Debug|Any CPU.ActiveCfg = Debug|Any CPU
		{6430D911-707B-40A5-AC3F-249EAEAC05E3}.Debug|Any CPU.Build.0 = Debug|Any CPU
		{6430D911-707B-40A5-AC3F-249EAEAC05E3}.Release|Any CPU.ActiveCfg = Release|Any CPU
		{6430D911-707B-40A5-AC3F-249EAEAC05E3}.Release|Any CPU.Build.0 = Release|Any CPU
	EndGlobalSection
	GlobalSection(SolutionProperties) = preSolution
		HideSolutionNode = FALSE
	EndGlobalSection
	GlobalSection(ExtensibilityGlobals) = postSolution
		SolutionGuid = {EAFFF18E-36D6-45B3-8E75-0CD8F707829E}
	EndGlobalSection
EndGlobal
